// !$*UTF8*$!
{
	archiveVersion = 1;
	classes = {
	};
	objectVersion = 55;
	objects = {

/* Begin PBXBuildFile section */
		355F1C8E78E20801C8CA4021 /* Pods_WeatherController.framework in Frameworks */ = {isa = PBXBuildFile; fileRef = C3C4AB5C7D56F0D52E73F0C2 /* Pods_WeatherController.framework */; };
		7487B20127746B0700CC3BCC /* AppDelegate.swift in Sources */ = {isa = PBXBuildFile; fileRef = 7487B20027746B0700CC3BCC /* AppDelegate.swift */; };
		7487B20327746B0700CC3BCC /* SceneDelegate.swift in Sources */ = {isa = PBXBuildFile; fileRef = 7487B20227746B0700CC3BCC /* SceneDelegate.swift */; };
		7487B20527746B0700CC3BCC /* ViewController.swift in Sources */ = {isa = PBXBuildFile; fileRef = 7487B20427746B0700CC3BCC /* ViewController.swift */; };
		7487B20827746B0700CC3BCC /* Main.storyboard in Resources */ = {isa = PBXBuildFile; fileRef = 7487B20627746B0700CC3BCC /* Main.storyboard */; };
		7487B20B27746B0700CC3BCC /* WeatherController.xcdatamodeld in Sources */ = {isa = PBXBuildFile; fileRef = 7487B20927746B0700CC3BCC /* WeatherController.xcdatamodeld */; };
		7487B20D27746B0D00CC3BCC /* Assets.xcassets in Resources */ = {isa = PBXBuildFile; fileRef = 7487B20C27746B0D00CC3BCC /* Assets.xcassets */; };
		7487B21027746B0D00CC3BCC /* LaunchScreen.storyboard in Resources */ = {isa = PBXBuildFile; fileRef = 7487B20E27746B0D00CC3BCC /* LaunchScreen.storyboard */; };
/* End PBXBuildFile section */

/* Begin PBXFileReference section */
		7487B1FD27746B0700CC3BCC /* WeatherController.app */ = {isa = PBXFileReference; explicitFileType = wrapper.application; includeInIndex = 0; path = WeatherController.app; sourceTree = BUILT_PRODUCTS_DIR; };
		7487B20027746B0700CC3BCC /* AppDelegate.swift */ = {isa = PBXFileReference; lastKnownFileType = sourcecode.swift; path = AppDelegate.swift; sourceTree = "<group>"; };
		7487B20227746B0700CC3BCC /* SceneDelegate.swift */ = {isa = PBXFileReference; lastKnownFileType = sourcecode.swift; path = SceneDelegate.swift; sourceTree = "<group>"; };
		7487B20427746B0700CC3BCC /* ViewController.swift */ = {isa = PBXFileReference; lastKnownFileType = sourcecode.swift; path = ViewController.swift; sourceTree = "<group>"; };
		7487B20727746B0700CC3BCC /* Base */ = {isa = PBXFileReference; lastKnownFileType = file.storyboard; name = Base; path = Base.lproj/Main.storyboard; sourceTree = "<group>"; };
		7487B20A27746B0700CC3BCC /* WeatherController.xcdatamodel */ = {isa = PBXFileReference; lastKnownFileType = wrapper.xcdatamodel; path = WeatherController.xcdatamodel; sourceTree = "<group>"; };
		7487B20C27746B0D00CC3BCC /* Assets.xcassets */ = {isa = PBXFileReference; lastKnownFileType = folder.assetcatalog; path = Assets.xcassets; sourceTree = "<group>"; };
		7487B20F27746B0D00CC3BCC /* Base */ = {isa = PBXFileReference; lastKnownFileType = file.storyboard; name = Base; path = Base.lproj/LaunchScreen.storyboard; sourceTree = "<group>"; };
		7487B21127746B0D00CC3BCC /* Info.plist */ = {isa = PBXFileReference; lastKnownFileType = text.plist.xml; path = Info.plist; sourceTree = "<group>"; };
		8D20912C2E303E001AD06D46 /* Pods-WeatherController.release.xcconfig */ = {isa = PBXFileReference; includeInIndex = 1; lastKnownFileType = text.xcconfig; name = "Pods-WeatherController.release.xcconfig"; path = "Target Support Files/Pods-WeatherController/Pods-WeatherController.release.xcconfig"; sourceTree = "<group>"; };
		C3C4AB5C7D56F0D52E73F0C2 /* Pods_WeatherController.framework */ = {isa = PBXFileReference; explicitFileType = wrapper.framework; includeInIndex = 0; path = Pods_WeatherController.framework; sourceTree = BUILT_PRODUCTS_DIR; };
		FB7E7D4E4C3B28FCF3FFB113 /* Pods-WeatherController.debug.xcconfig */ = {isa = PBXFileReference; includeInIndex = 1; lastKnownFileType = text.xcconfig; name = "Pods-WeatherController.debug.xcconfig"; path = "Target Support Files/Pods-WeatherController/Pods-WeatherController.debug.xcconfig"; sourceTree = "<group>"; };
/* End PBXFileReference section */

/* Begin PBXFrameworksBuildPhase section */
		7487B1FA27746B0700CC3BCC /* Frameworks */ = {
			isa = PBXFrameworksBuildPhase;
			buildActionMask = 2147483647;
			files = (
				355F1C8E78E20801C8CA4021 /* Pods_WeatherController.framework in Frameworks */,
			);
			runOnlyForDeploymentPostprocessing = 0;
		};
/* End PBXFrameworksBuildPhase section */

/* Begin PBXGroup section */
		14DC7A5749E392CD2911EDA6 /* Pods */ = {
			isa = PBXGroup;
			children = (
				FB7E7D4E4C3B28FCF3FFB113 /* Pods-WeatherController.debug.xcconfig */,
				8D20912C2E303E001AD06D46 /* Pods-WeatherController.release.xcconfig */,
			);
			name = Pods;
			path = Pods;
			sourceTree = "<group>";
		};
		5CC987A021A9D453B78B9A15 /* Frameworks */ = {
			isa = PBXGroup;
			children = (
				C3C4AB5C7D56F0D52E73F0C2 /* Pods_WeatherController.framework */,
			);
			name = Frameworks;
			sourceTree = "<group>";
		};
		7487B1F427746B0700CC3BCC = {
			isa = PBXGroup;
			children = (
				7487B1FF27746B0700CC3BCC /* WeatherController */,
				7487B1FE27746B0700CC3BCC /* Products */,
				14DC7A5749E392CD2911EDA6 /* Pods */,
				5CC987A021A9D453B78B9A15 /* Frameworks */,
			);
			sourceTree = "<group>";
		};
		7487B1FE27746B0700CC3BCC /* Products */ = {
			isa = PBXGroup;
			children = (
				7487B1FD27746B0700CC3BCC /* WeatherController.app */,
			);
			name = Products;
			sourceTree = "<group>";
		};
		7487B1FF27746B0700CC3BCC /* WeatherController */ = {
			isa = PBXGroup;
			children = (
				7487B21827746B6E00CC3BCC /* BackGround */,
				7487B21727746B4C00CC3BCC /* ForeGround */,
				7487B20027746B0700CC3BCC /* AppDelegate.swift */,
				7487B20227746B0700CC3BCC /* SceneDelegate.swift */,
				7487B20427746B0700CC3BCC /* ViewController.swift */,
				7487B20627746B0700CC3BCC /* Main.storyboard */,
				7487B20C27746B0D00CC3BCC /* Assets.xcassets */,
				7487B20E27746B0D00CC3BCC /* LaunchScreen.storyboard */,
				7487B21127746B0D00CC3BCC /* Info.plist */,
				7487B20927746B0700CC3BCC /* WeatherController.xcdatamodeld */,
			);
			path = WeatherController;
			sourceTree = "<group>";
		};
		7487B21727746B4C00CC3BCC /* ForeGround */ = {
			isa = PBXGroup;
			children = (
			);
			path = ForeGround;
			sourceTree = "<group>";
		};
		7487B21827746B6E00CC3BCC /* BackGround */ = {
			isa = PBXGroup;
			children = (
				7487B21A27746BC000CC3BCC /* UserConnection */,
				7487B21927746B7B00CC3BCC /* DataProcessing */,
			);
			path = BackGround;
			sourceTree = "<group>";
		};
		7487B21927746B7B00CC3BCC /* DataProcessing */ = {
			isa = PBXGroup;
			children = (
				7487B21C27746C0D00CC3BCC /* DataUnwrapping */,
				7487B21B27746BFC00CC3BCC /* DataCollecting */,
			);
			path = DataProcessing;
			sourceTree = "<group>";
		};
		7487B21A27746BC000CC3BCC /* UserConnection */ = {
			isa = PBXGroup;
			children = (
			);
			path = UserConnection;
			sourceTree = "<group>";
		};
		7487B21B27746BFC00CC3BCC /* DataCollecting */ = {
			isa = PBXGroup;
			children = (
			);
			path = DataCollecting;
			sourceTree = "<group>";
		};
		7487B21C27746C0D00CC3BCC /* DataUnwrapping */ = {
			isa = PBXGroup;
			children = (
			);
			path = DataUnwrapping;
			sourceTree = "<group>";
		};
/* End PBXGroup section */

/* Begin PBXNativeTarget section */
		7487B1FC27746B0700CC3BCC /* WeatherController */ = {
			isa = PBXNativeTarget;
			buildConfigurationList = 7487B21427746B0D00CC3BCC /* Build configuration list for PBXNativeTarget "WeatherController" */;
			buildPhases = (
				2382ACE1EE09DEB9B50E8A5F /* [CP] Check Pods Manifest.lock */,
				7487B1F927746B0700CC3BCC /* Sources */,
				7487B1FA27746B0700CC3BCC /* Frameworks */,
				7487B1FB27746B0700CC3BCC /* Resources */,
				70BDFC2145C0A3AC1B5D91F2 /* [CP] Embed Pods Frameworks */,
			);
			buildRules = (
			);
			dependencies = (
			);
			name = WeatherController;
			productName = WeatherController;
			productReference = 7487B1FD27746B0700CC3BCC /* WeatherController.app */;
			productType = "com.apple.product-type.application";
		};
/* End PBXNativeTarget section */

/* Begin PBXProject section */
		7487B1F527746B0700CC3BCC /* Project object */ = {
			isa = PBXProject;
			attributes = {
				BuildIndependentTargetsInParallel = 1;
				LastSwiftUpdateCheck = 1300;
				LastUpgradeCheck = 1300;
				TargetAttributes = {
					7487B1FC27746B0700CC3BCC = {
						CreatedOnToolsVersion = 13.0;
					};
				};
			};
			buildConfigurationList = 7487B1F827746B0700CC3BCC /* Build configuration list for PBXProject "WeatherController" */;
			compatibilityVersion = "Xcode 13.0";
			developmentRegion = en;
			hasScannedForEncodings = 0;
			knownRegions = (
				en,
				Base,
			);
			mainGroup = 7487B1F427746B0700CC3BCC;
			productRefGroup = 7487B1FE27746B0700CC3BCC /* Products */;
			projectDirPath = "";
			projectRoot = "";
			targets = (
				7487B1FC27746B0700CC3BCC /* WeatherController */,
			);
		};
/* End PBXProject section */

/* Begin PBXResourcesBuildPhase section */
		7487B1FB27746B0700CC3BCC /* Resources */ = {
			isa = PBXResourcesBuildPhase;
			buildActionMask = 2147483647;
			files = (
				7487B21027746B0D00CC3BCC /* LaunchScreen.storyboard in Resources */,
				7487B20D27746B0D00CC3BCC /* Assets.xcassets in Resources */,
				7487B20827746B0700CC3BCC /* Main.storyboard in Resources */,
			);
			runOnlyForDeploymentPostprocessing = 0;
		};
/* End PBXResourcesBuildPhase section */

/* Begin PBXShellScriptBuildPhase section */
		2382ACE1EE09DEB9B50E8A5F /* [CP] Check Pods Manifest.lock */ = {
			isa = PBXShellScriptBuildPhase;
			buildActionMask = 2147483647;
			files = (
			);
			inputFileListPaths = (
			);
			inputPaths = (
				"${PODS_PODFILE_DIR_PATH}/Podfile.lock",
				"${PODS_ROOT}/Manifest.lock",
			);
			name = "[CP] Check Pods Manifest.lock";
			outputFileListPaths = (
			);
			outputPaths = (
				"$(DERIVED_FILE_DIR)/Pods-WeatherController-checkManifestLockResult.txt",
			);
			runOnlyForDeploymentPostprocessing = 0;
			shellPath = /bin/sh;
			shellScript = "diff \"${PODS_PODFILE_DIR_PATH}/Podfile.lock\" \"${PODS_ROOT}/Manifest.lock\" > /dev/null\nif [ $? != 0 ] ; then\n    # print error to STDERR\n    echo \"error: The sandbox is not in sync with the Podfile.lock. Run 'pod install' or update your CocoaPods installation.\" >&2\n    exit 1\nfi\n# This output is used by Xcode 'outputs' to avoid re-running this script phase.\necho \"SUCCESS\" > \"${SCRIPT_OUTPUT_FILE_0}\"\n";
			showEnvVarsInLog = 0;
		};
		70BDFC2145C0A3AC1B5D91F2 /* [CP] Embed Pods Frameworks */ = {
			isa = PBXShellScriptBuildPhase;
			buildActionMask = 2147483647;
			files = (
			);
			inputFileListPaths = (
				"${PODS_ROOT}/Target Support Files/Pods-WeatherController/Pods-WeatherController-frameworks-${CONFIGURATION}-input-files.xcfilelist",
			);
			name = "[CP] Embed Pods Frameworks";
			outputFileListPaths = (
				"${PODS_ROOT}/Target Support Files/Pods-WeatherController/Pods-WeatherController-frameworks-${CONFIGURATION}-output-files.xcfilelist",
			);
			runOnlyForDeploymentPostprocessing = 0;
			shellPath = /bin/sh;
			shellScript = "\"${PODS_ROOT}/Target Support Files/Pods-WeatherController/Pods-WeatherController-frameworks.sh\"\n";
			showEnvVarsInLog = 0;
		};
/* End PBXShellScriptBuildPhase section */

/* Begin PBXSourcesBuildPhase section */
		7487B1F927746B0700CC3BCC /* Sources */ = {
			isa = PBXSourcesBuildPhase;
			buildActionMask = 2147483647;
			files = (
				7487B20527746B0700CC3BCC /* ViewController.swift in Sources */,
				7487B20127746B0700CC3BCC /* AppDelegate.swift in Sources */,
				7487B20B27746B0700CC3BCC /* WeatherController.xcdatamodeld in Sources */,
				7487B20327746B0700CC3BCC /* SceneDelegate.swift in Sources */,
			);
			runOnlyForDeploymentPostprocessing = 0;
		};
/* End PBXSourcesBuildPhase section */

/* Begin PBXVariantGroup section */
		7487B20627746B0700CC3BCC /* Main.storyboard */ = {
			isa = PBXVariantGroup;
			children = (
				7487B20727746B0700CC3BCC /* Base */,
			);
			name = Main.storyboard;
			sourceTree = "<group>";
		};
		7487B20E27746B0D00CC3BCC /* LaunchScreen.storyboard */ = {
			isa = PBXVariantGroup;
			children = (
				7487B20F27746B0D00CC3BCC /* Base */,
			);
			name = LaunchScreen.storyboard;
			sourceTree = "<group>";
		};
/* End PBXVariantGroup section */

/* Begin XCBuildConfiguration section */
		7487B21227746B0D00CC3BCC /* Debug */ = {
			isa = XCBuildConfiguration;
			buildSettings = {
				ALWAYS_SEARCH_USER_PATHS = NO;
				CLANG_ANALYZER_NONNULL = YES;
				CLANG_ANALYZER_NUMBER_OBJECT_CONVERSION = YES_AGGRESSIVE;
				CLANG_CXX_LANGUAGE_STANDARD = "gnu++17";
				CLANG_CXX_LIBRARY = "libc++";
				CLANG_ENABLE_MODULES = YES;
				CLANG_ENABLE_OBJC_ARC = YES;
				CLANG_ENABLE_OBJC_WEAK = YES;
				CLANG_WARN_BLOCK_CAPTURE_AUTORELEASING = YES;
				CLANG_WARN_BOOL_CONVERSION = YES;
				CLANG_WARN_COMMA = YES;
				CLANG_WARN_CONSTANT_CONVERSION = YES;
				CLANG_WARN_DEPRECATED_OBJC_IMPLEMENTATIONS = YES;
				CLANG_WARN_DIRECT_OBJC_ISA_USAGE = YES_ERROR;
				CLANG_WARN_DOCUMENTATION_COMMENTS = YES;
				CLANG_WARN_EMPTY_BODY = YES;
				CLANG_WARN_ENUM_CONVERSION = YES;
				CLANG_WARN_INFINITE_RECURSION = YES;
				CLANG_WARN_INT_CONVERSION = YES;
				CLANG_WARN_NON_LITERAL_NULL_CONVERSION = YES;
				CLANG_WARN_OBJC_IMPLICIT_RETAIN_SELF = YES;
				CLANG_WARN_OBJC_LITERAL_CONVERSION = YES;
				CLANG_WARN_OBJC_ROOT_CLASS = YES_ERROR;
				CLANG_WARN_QUOTED_INCLUDE_IN_FRAMEWORK_HEADER = YES;
				CLANG_WARN_RANGE_LOOP_ANALYSIS = YES;
				CLANG_WARN_STRICT_PROTOTYPES = YES;
				CLANG_WARN_SUSPICIOUS_MOVE = YES;
				CLANG_WARN_UNGUARDED_AVAILABILITY = YES_AGGRESSIVE;
				CLANG_WARN_UNREACHABLE_CODE = YES;
				CLANG_WARN__DUPLICATE_METHOD_MATCH = YES;
				COPY_PHASE_STRIP = NO;
				DEBUG_INFORMATION_FORMAT = dwarf;
				ENABLE_STRICT_OBJC_MSGSEND = YES;
				ENABLE_TESTABILITY = YES;
				GCC_C_LANGUAGE_STANDARD = gnu11;
				GCC_DYNAMIC_NO_PIC = NO;
				GCC_NO_COMMON_BLOCKS = YES;
				GCC_OPTIMIZATION_LEVEL = 0;
				GCC_PREPROCESSOR_DEFINITIONS = (
					"DEBUG=1",
					"$(inherited)",
				);
				GCC_WARN_64_TO_32_BIT_CONVERSION = YES;
				GCC_WARN_ABOUT_RETURN_TYPE = YES_ERROR;
				GCC_WARN_UNDECLARED_SELECTOR = YES;
				GCC_WARN_UNINITIALIZED_AUTOS = YES_AGGRESSIVE;
				GCC_WARN_UNUSED_FUNCTION = YES;
				GCC_WARN_UNUSED_VARIABLE = YES;
				IPHONEOS_DEPLOYMENT_TARGET = 15.0;
				MTL_ENABLE_DEBUG_INFO = INCLUDE_SOURCE;
				MTL_FAST_MATH = YES;
				ONLY_ACTIVE_ARCH = YES;
				SDKROOT = iphoneos;
				SWIFT_ACTIVE_COMPILATION_CONDITIONS = DEBUG;
				SWIFT_OPTIMIZATION_LEVEL = "-Onone";
			};
			name = Debug;
		};
		7487B21327746B0D00CC3BCC /* Release */ = {
			isa = XCBuildConfiguration;
			buildSettings = {
				ALWAYS_SEARCH_USER_PATHS = NO;
				CLANG_ANALYZER_NONNULL = YES;
				CLANG_ANALYZER_NUMBER_OBJECT_CONVERSION = YES_AGGRESSIVE;
				CLANG_CXX_LANGUAGE_STANDARD = "gnu++17";
				CLANG_CXX_LIBRARY = "libc++";
				CLANG_ENABLE_MODULES = YES;
				CLANG_ENABLE_OBJC_ARC = YES;
				CLANG_ENABLE_OBJC_WEAK = YES;
				CLANG_WARN_BLOCK_CAPTURE_AUTORELEASING = YES;
				CLANG_WARN_BOOL_CONVERSION = YES;
				CLANG_WARN_COMMA = YES;
				CLANG_WARN_CONSTANT_CONVERSION = YES;
				CLANG_WARN_DEPRECATED_OBJC_IMPLEMENTATIONS = YES;
				CLANG_WARN_DIRECT_OBJC_ISA_USAGE = YES_ERROR;
				CLANG_WARN_DOCUMENTATION_COMMENTS = YES;
				CLANG_WARN_EMPTY_BODY = YES;
				CLANG_WARN_ENUM_CONVERSION = YES;
				CLANG_WARN_INFINITE_RECURSION = YES;
				CLANG_WARN_INT_CONVERSION = YES;
				CLANG_WARN_NON_LITERAL_NULL_CONVERSION = YES;
				CLANG_WARN_OBJC_IMPLICIT_RETAIN_SELF = YES;
				CLANG_WARN_OBJC_LITERAL_CONVERSION = YES;
				CLANG_WARN_OBJC_ROOT_CLASS = YES_ERROR;
				CLANG_WARN_QUOTED_INCLUDE_IN_FRAMEWORK_HEADER = YES;
				CLANG_WARN_RANGE_LOOP_ANALYSIS = YES;
				CLANG_WARN_STRICT_PROTOTYPES = YES;
				CLANG_WARN_SUSPICIOUS_MOVE = YES;
				CLANG_WARN_UNGUARDED_AVAILABILITY = YES_AGGRESSIVE;
				CLANG_WARN_UNREACHABLE_CODE = YES;
				CLANG_WARN__DUPLICATE_METHOD_MATCH = YES;
				COPY_PHASE_STRIP = NO;
				DEBUG_INFORMATION_FORMAT = "dwarf-with-dsym";
				ENABLE_NS_ASSERTIONS = NO;
				ENABLE_STRICT_OBJC_MSGSEND = YES;
				GCC_C_LANGUAGE_STANDARD = gnu11;
				GCC_NO_COMMON_BLOCKS = YES;
				GCC_WARN_64_TO_32_BIT_CONVERSION = YES;
				GCC_WARN_ABOUT_RETURN_TYPE = YES_ERROR;
				GCC_WARN_UNDECLARED_SELECTOR = YES;
				GCC_WARN_UNINITIALIZED_AUTOS = YES_AGGRESSIVE;
				GCC_WARN_UNUSED_FUNCTION = YES;
				GCC_WARN_UNUSED_VARIABLE = YES;
				IPHONEOS_DEPLOYMENT_TARGET = 15.0;
				MTL_ENABLE_DEBUG_INFO = NO;
				MTL_FAST_MATH = YES;
				SDKROOT = iphoneos;
				SWIFT_COMPILATION_MODE = wholemodule;
				SWIFT_OPTIMIZATION_LEVEL = "-O";
				VALIDATE_PRODUCT = YES;
			};
			name = Release;
		};
		7487B21527746B0D00CC3BCC /* Debug */ = {
			isa = XCBuildConfiguration;
			baseConfigurationReference = FB7E7D4E4C3B28FCF3FFB113 /* Pods-WeatherController.debug.xcconfig */;
			buildSettings = {
				ASSETCATALOG_COMPILER_APPICON_NAME = AppIcon;
				ASSETCATALOG_COMPILER_GLOBAL_ACCENT_COLOR_NAME = AccentColor;
				CODE_SIGN_STYLE = Automatic;
				CURRENT_PROJECT_VERSION = 1;
				GENERATE_INFOPLIST_FILE = YES;
				INFOPLIST_FILE = WeatherController/Info.plist;
				INFOPLIST_KEY_UIApplicationSupportsIndirectInputEvents = YES;
				INFOPLIST_KEY_UILaunchStoryboardName = LaunchScreen;
				INFOPLIST_KEY_UIMainStoryboardFile = Main;
				INFOPLIST_KEY_UISupportedInterfaceOrientations_iPad = "UIInterfaceOrientationPortrait UIInterfaceOrientationPortraitUpsideDown UIInterfaceOrientationLandscapeLeft UIInterfaceOrientationLandscapeRight";
				INFOPLIST_KEY_UISupportedInterfaceOrientations_iPhone = "UIInterfaceOrientationPortrait UIInterfaceOrientationLandscapeLeft UIInterfaceOrientationLandscapeRight";
				LD_RUNPATH_SEARCH_PATHS = (
					"$(inherited)",
					"@executable_path/Frameworks",
				);
				MARKETING_VERSION = 1.0;
				PRODUCT_BUNDLE_IDENTIFIER = App.GamesHakMik.WeatherController;
				PRODUCT_NAME = "$(TARGET_NAME)";
				SWIFT_EMIT_LOC_STRINGS = YES;
				SWIFT_VERSION = 5.0;
				TARGETED_DEVICE_FAMILY = "1,2";
			};
			name = Debug;
		};
		7487B21627746B0D00CC3BCC /* Release */ = {
			isa = XCBuildConfiguration;
			baseConfigurationReference = 8D20912C2E303E001AD06D46 /* Pods-WeatherController.release.xcconfig */;
			buildSettings = {
				ASSETCATALOG_COMPILER_APPICON_NAME = AppIcon;
				ASSETCATALOG_COMPILER_GLOBAL_ACCENT_COLOR_NAME = AccentColor;
				CODE_SIGN_STYLE = Automatic;
				CURRENT_PROJECT_VERSION = 1;
				GENERATE_INFOPLIST_FILE = YES;
				INFOPLIST_FILE = WeatherController/Info.plist;
				INFOPLIST_KEY_UIApplicationSupportsIndirectInputEvents = YES;
				INFOPLIST_KEY_UILaunchStoryboardName = LaunchScreen;
				INFOPLIST_KEY_UIMainStoryboardFile = Main;
				INFOPLIST_KEY_UISupportedInterfaceOrientations_iPad = "UIInterfaceOrientationPortrait UIInterfaceOrientationPortraitUpsideDown UIInterfaceOrientationLandscapeLeft UIInterfaceOrientationLandscapeRight";
				INFOPLIST_KEY_UISupportedInterfaceOrientations_iPhone = "UIInterfaceOrientationPortrait UIInterfaceOrientationLandscapeLeft UIInterfaceOrientationLandscapeRight";
				LD_RUNPATH_SEARCH_PATHS = (
					"$(inherited)",
					"@executable_path/Frameworks",
				);
				MARKETING_VERSION = 1.0;
				PRODUCT_BUNDLE_IDENTIFIER = App.GamesHakMik.WeatherController;
				PRODUCT_NAME = "$(TARGET_NAME)";
				SWIFT_EMIT_LOC_STRINGS = YES;
				SWIFT_VERSION = 5.0;
				TARGETED_DEVICE_FAMILY = "1,2";
			};
			name = Release;
		};
/* End XCBuildConfiguration section */

/* Begin XCConfigurationList section */
		7487B1F827746B0700CC3BCC /* Build configuration list for PBXProject "WeatherController" */ = {
			isa = XCConfigurationList;
			buildConfigurations = (
				7487B21227746B0D00CC3BCC /* Debug */,
				7487B21327746B0D00CC3BCC /* Release */,
			);
			defaultConfigurationIsVisible = 0;
			defaultConfigurationName = Release;
		};
		7487B21427746B0D00CC3BCC /* Build configuration list for PBXNativeTarget "WeatherController" */ = {
			isa = XCConfigurationList;
			buildConfigurations = (
				7487B21527746B0D00CC3BCC /* Debug */,
				7487B21627746B0D00CC3BCC /* Release */,
			);
			defaultConfigurationIsVisible = 0;
			defaultConfigurationName = Release;
		};
/* End XCConfigurationList section */

/* Begin XCVersionGroup section */
		7487B20927746B0700CC3BCC /* WeatherController.xcdatamodeld */ = {
			isa = XCVersionGroup;
			children = (
				7487B20A27746B0700CC3BCC /* WeatherController.xcdatamodel */,
			);
			currentVersion = 7487B20A27746B0700CC3BCC /* WeatherController.xcdatamodel */;
			path = WeatherController.xcdatamodeld;
			sourceTree = "<group>";
			versionGroupType = wrapper.xcdatamodel;
		};
/* End XCVersionGroup section */
	};
	rootObject = 7487B1F527746B0700CC3BCC /* Project object */;
}
